
Microsoft Visual Studio Solution File, Format Version 12.00
# Visual Studio Version 17
VisualStudioVersion = 17.10.34928.147
MinimumVisualStudioVersion = 10.0.40219.1
Project("{FAE04EC0-301F-11D3-BF4B-00C04F79EFBC}") = "Contacts-Manager", "Contacts-Manager\Contacts-Manager.csproj", "{F615833E-D7C1-4861-9280-05E3E3E28CAA}"
EndProject
Project("{FAE04EC0-301F-11D3-BF4B-00C04F79EFBC}") = "ContactsManagerTest", "ContactsManagerTest\ContactsManagerTest.csproj", "{B623276F-62E8-4E30-A577-760263036F2C}"
EndProject
Global
	GlobalSection(SolutionConfigurationPlatforms) = preSolution
		Debug|Any CPU = Debug|Any CPU
		Release|Any CPU = Release|Any CPU
	EndGlobalSection
	GlobalSection(ProjectConfigurationPlatforms) = postSolution
		{F615833E-D7C1-4861-9280-05E3E3E28CAA}.Debug|Any CPU.ActiveCfg = Debug|Any CPU
		{F615833E-D7C1-4861-9280-05E3E3E28CAA}.Debug|Any CPU.Build.0 = Debug|Any CPU
		{F615833E-D7C1-4861-9280-05E3E3E28CAA}.Release|Any CPU.ActiveCfg = Release|Any CPU
		{F615833E-D7C1-4861-9280-05E3E3E28CAA}.Release|Any CPU.Build.0 = Release|Any CPU
		{B623276F-62E8-4E30-A577-760263036F2C}.Debug|Any CPU.ActiveCfg = Debug|Any CPU
		{B623276F-62E8-4E30-A577-760263036F2C}.Debug|Any CPU.Build.0 = Debug|Any CPU
		{B623276F-62E8-4E30-A577-760263036F2C}.Release|Any CPU.ActiveCfg = Release|Any CPU
		{B623276F-62E8-4E30-A577-760263036F2C}.Release|Any CPU.Build.0 = Release|Any CPU
	EndGlobalSection
	GlobalSection(SolutionProperties) = preSolution
		HideSolutionNode = FALSE
	EndGlobalSection
	GlobalSection(ExtensibilityGlobals) = postSolution
		SolutionGuid = {0BF58031-21BD-491B-A32B-677356FD6815}
	EndGlobalSection
EndGlobal
